
Microsoft Visual Studio Solution File, Format Version 12.00
# Visual Studio 15
VisualStudioVersion = 15.0.28306.52
MinimumVisualStudioVersion = 10.0.40219.1
Project("{FAE04EC0-301F-11D3-BF4B-00C04F79EFBC}") = "ToastNotifications.Win7", "ToastNotifications.Win7\ToastNotifications.Win7.csproj", "{380D8D88-386C-4C50-9A54-800F79FDF7D2}"
EndProject
Project("{2150E333-8FDC-42A3-9474-1A3956D46DE8}") = "1 .Tests", "1 .Tests", "{462D7284-99DF-45AE-8E77-88F486F6F5BA}"
EndProject
Project("{2150E333-8FDC-42A3-9474-1A3956D46DE8}") = "0. Controls", "0. Controls", "{B4E147FD-7E38-4CBE-8836-94006344D136}"
EndProject
Project("{FAE04EC0-301F-11D3-BF4B-00C04F79EFBC}") = "ToastNotifications.Win8", "ToastNotifications.Win8\ToastNotifications.Win8.csproj", "{7DA4148B-E5D7-492D-A61F-BD8173B9BBEC}"
EndProject
Project("{FAE04EC0-301F-11D3-BF4B-00C04F79EFBC}") = "ToastNotifications.Share", "ToastNotifications.Share\ToastNotifications.Share.csproj", "{03519B9F-6CAA-4409-BB6D-313A6EF95527}"
EndProject
Project("{FAE04EC0-301F-11D3-BF4B-00C04F79EFBC}") = "ToastNotifications.TestingForm", "ToastNotifications.TestingForm\ToastNotifications.TestingForm.csproj", "{E4DB8103-7513-4EE7-8D58-09C700A404A4}"
EndProject
Project("{FAE04EC0-301F-11D3-BF4B-00C04F79EFBC}") = "ToastNotifications.Win10", "ToastNotifications.Win10\ToastNotifications.Win10.csproj", "{8DA4148B-E5D7-492D-A61F-BD8173B9BBEC}"
EndProject
Global
	GlobalSection(SolutionConfigurationPlatforms) = preSolution
		Debug|Any CPU = Debug|Any CPU
		Debug|x86 = Debug|x86
		Release|Any CPU = Release|Any CPU
		Release|x86 = Release|x86
	EndGlobalSection
	GlobalSection(ProjectConfigurationPlatforms) = postSolution
		{380D8D88-386C-4C50-9A54-800F79FDF7D2}.Debug|Any CPU.ActiveCfg = Debug|Any CPU
		{380D8D88-386C-4C50-9A54-800F79FDF7D2}.Debug|Any CPU.Build.0 = Debug|Any CPU
		{380D8D88-386C-4C50-9A54-800F79FDF7D2}.Debug|x86.ActiveCfg = Debug|x86
		{380D8D88-386C-4C50-9A54-800F79FDF7D2}.Debug|x86.Build.0 = Debug|x86
		{380D8D88-386C-4C50-9A54-800F79FDF7D2}.Release|Any CPU.ActiveCfg = Release|Any CPU
		{380D8D88-386C-4C50-9A54-800F79FDF7D2}.Release|Any CPU.Build.0 = Release|Any CPU
		{380D8D88-386C-4C50-9A54-800F79FDF7D2}.Release|x86.ActiveCfg = Release|x86
		{380D8D88-386C-4C50-9A54-800F79FDF7D2}.Release|x86.Build.0 = Release|x86
		{7DA4148B-E5D7-492D-A61F-BD8173B9BBEC}.Debug|Any CPU.ActiveCfg = Debug|Any CPU
		{7DA4148B-E5D7-492D-A61F-BD8173B9BBEC}.Debug|Any CPU.Build.0 = Debug|Any CPU
		{7DA4148B-E5D7-492D-A61F-BD8173B9BBEC}.Debug|x86.ActiveCfg = Debug|Any CPU
		{7DA4148B-E5D7-492D-A61F-BD8173B9BBEC}.Debug|x86.Build.0 = Debug|Any CPU
		{7DA4148B-E5D7-492D-A61F-BD8173B9BBEC}.Release|Any CPU.ActiveCfg = Release|Any CPU
		{7DA4148B-E5D7-492D-A61F-BD8173B9BBEC}.Release|Any CPU.Build.0 = Release|Any CPU
		{7DA4148B-E5D7-492D-A61F-BD8173B9BBEC}.Release|x86.ActiveCfg = Release|Any CPU
		{7DA4148B-E5D7-492D-A61F-BD8173B9BBEC}.Release|x86.Build.0 = Release|Any CPU
		{03519B9F-6CAA-4409-BB6D-313A6EF95527}.Debug|Any CPU.ActiveCfg = Debug|Any CPU
		{03519B9F-6CAA-4409-BB6D-313A6EF95527}.Debug|Any CPU.Build.0 = Debug|Any CPU
		{03519B9F-6CAA-4409-BB6D-313A6EF95527}.Debug|x86.ActiveCfg = Debug|Any CPU
		{03519B9F-6CAA-4409-BB6D-313A6EF95527}.Debug|x86.Build.0 = Debug|Any CPU
		{03519B9F-6CAA-4409-BB6D-313A6EF95527}.Release|Any CPU.ActiveCfg = Release|Any CPU
		{03519B9F-6CAA-4409-BB6D-313A6EF95527}.Release|Any CPU.Build.0 = Release|Any CPU
		{03519B9F-6CAA-4409-BB6D-313A6EF95527}.Release|x86.ActiveCfg = Release|Any CPU
		{03519B9F-6CAA-4409-BB6D-313A6EF95527}.Release|x86.Build.0 = Release|Any CPU
		{E4DB8103-7513-4EE7-8D58-09C700A404A4}.Debug|Any CPU.ActiveCfg = Debug|Any CPU
		{E4DB8103-7513-4EE7-8D58-09C700A404A4}.Debug|Any CPU.Build.0 = Debug|Any CPU
		{E4DB8103-7513-4EE7-8D58-09C700A404A4}.Debug|x86.ActiveCfg = Debug|Any CPU
		{E4DB8103-7513-4EE7-8D58-09C700A404A4}.Debug|x86.Build.0 = Debug|Any CPU
		{E4DB8103-7513-4EE7-8D58-09C700A404A4}.Release|Any CPU.ActiveCfg = Release|Any CPU
		{E4DB8103-7513-4EE7-8D58-09C700A404A4}.Release|Any CPU.Build.0 = Release|Any CPU
		{E4DB8103-7513-4EE7-8D58-09C700A404A4}.Release|x86.ActiveCfg = Release|Any CPU
		{E4DB8103-7513-4EE7-8D58-09C700A404A4}.Release|x86.Build.0 = Release|Any CPU
		{8DA4148B-E5D7-492D-A61F-BD8173B9BBEC}.Debug|Any CPU.ActiveCfg = Debug|Any CPU
		{8DA4148B-E5D7-492D-A61F-BD8173B9BBEC}.Debug|Any CPU.Build.0 = Debug|Any CPU
		{8DA4148B-E5D7-492D-A61F-BD8173B9BBEC}.Debug|x86.ActiveCfg = Debug|Any CPU
		{8DA4148B-E5D7-492D-A61F-BD8173B9BBEC}.Debug|x86.Build.0 = Debug|Any CPU
		{8DA4148B-E5D7-492D-A61F-BD8173B9BBEC}.Release|Any CPU.ActiveCfg = Release|Any CPU
		{8DA4148B-E5D7-492D-A61F-BD8173B9BBEC}.Release|Any CPU.Build.0 = Release|Any CPU
		{8DA4148B-E5D7-492D-A61F-BD8173B9BBEC}.Release|x86.ActiveCfg = Release|Any CPU
		{8DA4148B-E5D7-492D-A61F-BD8173B9BBEC}.Release|x86.Build.0 = Release|Any CPU
	EndGlobalSection
	GlobalSection(SolutionProperties) = preSolution
		HideSolutionNode = FALSE
	EndGlobalSection
	GlobalSection(NestedProjects) = preSolution
		{380D8D88-386C-4C50-9A54-800F79FDF7D2} = {B4E147FD-7E38-4CBE-8836-94006344D136}
		{7DA4148B-E5D7-492D-A61F-BD8173B9BBEC} = {B4E147FD-7E38-4CBE-8836-94006344D136}
		{03519B9F-6CAA-4409-BB6D-313A6EF95527} = {B4E147FD-7E38-4CBE-8836-94006344D136}
		{E4DB8103-7513-4EE7-8D58-09C700A404A4} = {462D7284-99DF-45AE-8E77-88F486F6F5BA}
		{8DA4148B-E5D7-492D-A61F-BD8173B9BBEC} = {B4E147FD-7E38-4CBE-8836-94006344D136}
	EndGlobalSection
	GlobalSection(ExtensibilityGlobals) = postSolution
		SolutionGuid = {269C81C6-1266-4C9C-BCA1-9570E6A6A97D}
	EndGlobalSection
EndGlobal
